
Microsoft Visual Studio Solution File, Format Version 12.00
# Visual Studio 14
VisualStudioVersion = 14.0.25420.1
MinimumVisualStudioVersion = 10.0.40219.1
Project("{2150E333-8FDC-42A3-9474-1A3956D46DE8}") = "src", "src", "{BB632C71-AB11-4298-B11B-DBBCF1404D12}"
EndProject
Project("{2150E333-8FDC-42A3-9474-1A3956D46DE8}") = "Solution Items", "Solution Items", "{4F779330-F9FE-421B-9E5B-108F9D0ECCCB}"
	ProjectSection(SolutionItems) = preProject
		global.json = global.json
		README.md = README.md
	EndProjectSection
EndProject
Project("{8BB2217D-0F2D-49D1-97BC-3654ED321F3B}") = "SeriLog.LogSanitizingFormatter", "src\SeriLog.LogSanitizingFormatter\SeriLog.LogSanitizingFormatter.xproj", "{7C47C4D2-A822-44CC-A923-9C4A1EBBE1F0}"
EndProject
Global
	GlobalSection(SolutionConfigurationPlatforms) = preSolution
		Debug|Any CPU = Debug|Any CPU
		Release|Any CPU = Release|Any CPU
	EndGlobalSection
	GlobalSection(ProjectConfigurationPlatforms) = postSolution
		{7C47C4D2-A822-44CC-A923-9C4A1EBBE1F0}.Debug|Any CPU.ActiveCfg = Debug|Any CPU
		{7C47C4D2-A822-44CC-A923-9C4A1EBBE1F0}.Debug|Any CPU.Build.0 = Debug|Any CPU
		{7C47C4D2-A822-44CC-A923-9C4A1EBBE1F0}.Release|Any CPU.ActiveCfg = Release|Any CPU
		{7C47C4D2-A822-44CC-A923-9C4A1EBBE1F0}.Release|Any CPU.Build.0 = Release|Any CPU
	EndGlobalSection
	GlobalSection(SolutionProperties) = preSolution
		HideSolutionNode = FALSE
	EndGlobalSection
	GlobalSection(NestedProjects) = preSolution
		{7C47C4D2-A822-44CC-A923-9C4A1EBBE1F0} = {BB632C71-AB11-4298-B11B-DBBCF1404D12}
	EndGlobalSection
EndGlobal
